// !$*UTF8*$!
{
	archiveVersion = 1;
	classes = {
	};
	objectVersion = 46;
	objects = {

/* Begin PBXBuildFile section */
		7B6A76F31E61ACAE00A5B419 /* AppDelegate.swift in Sources */ = {isa = PBXBuildFile; fileRef = 7B6A76F21E61ACAE00A5B419 /* AppDelegate.swift */; };
		7B6A76F51E61ACAE00A5B419 /* ViewController.swift in Sources */ = {isa = PBXBuildFile; fileRef = 7B6A76F41E61ACAE00A5B419 /* ViewController.swift */; };
		7B6A76F81E61ACAE00A5B419 /* Main.storyboard in Resources */ = {isa = PBXBuildFile; fileRef = 7B6A76F61E61ACAE00A5B419 /* Main.storyboard */; };
		7B6A76FA1E61ACAE00A5B419 /* Assets.xcassets in Resources */ = {isa = PBXBuildFile; fileRef = 7B6A76F91E61ACAE00A5B419 /* Assets.xcassets */; };
		7B6A76FD1E61ACAE00A5B419 /* LaunchScreen.storyboard in Resources */ = {isa = PBXBuildFile; fileRef = 7B6A76FB1E61ACAE00A5B419 /* LaunchScreen.storyboard */; };
		7B6A77081E61ACAF00A5B419 /* TableView_LiT_Tests.swift in Sources */ = {isa = PBXBuildFile; fileRef = 7B6A77071E61ACAF00A5B419 /* TableView_LiT_Tests.swift */; };
		7B6A77131E61ACAF00A5B419 /* TableView_LiT_UITests.swift in Sources */ = {isa = PBXBuildFile; fileRef = 7B6A77121E61ACAF00A5B419 /* TableView_LiT_UITests.swift */; };
/* End PBXBuildFile section */

/* Begin PBXContainerItemProxy section */
		7B6A77041E61ACAF00A5B419 /* PBXContainerItemProxy */ = {
			isa = PBXContainerItemProxy;
			containerPortal = 7B6A76E71E61ACAE00A5B419 /* Project object */;
			proxyType = 1;
			remoteGlobalIDString = 7B6A76EE1E61ACAE00A5B419;
			remoteInfo = "TableView_LiT!";
		};
		7B6A770F1E61ACAF00A5B419 /* PBXContainerItemProxy */ = {
			isa = PBXContainerItemProxy;
			containerPortal = 7B6A76E71E61ACAE00A5B419 /* Project object */;
			proxyType = 1;
			remoteGlobalIDString = 7B6A76EE1E61ACAE00A5B419;
			remoteInfo = "TableView_LiT!";
		};
/* End PBXContainerItemProxy section */

/* Begin PBXFileReference section */
		7B6A76EF1E61ACAE00A5B419 /* TableView_LiT!.app */ = {isa = PBXFileReference; explicitFileType = wrapper.application; includeInIndex = 0; path = "TableView_LiT!.app"; sourceTree = BUILT_PRODUCTS_DIR; };
		7B6A76F21E61ACAE00A5B419 /* AppDelegate.swift */ = {isa = PBXFileReference; lastKnownFileType = sourcecode.swift; path = AppDelegate.swift; sourceTree = "<group>"; };
		7B6A76F41E61ACAE00A5B419 /* ViewController.swift */ = {isa = PBXFileReference; lastKnownFileType = sourcecode.swift; path = ViewController.swift; sourceTree = "<group>"; };
		7B6A76F71E61ACAE00A5B419 /* Base */ = {isa = PBXFileReference; lastKnownFileType = file.storyboard; name = Base; path = Base.lproj/Main.storyboard; sourceTree = "<group>"; };
		7B6A76F91E61ACAE00A5B419 /* Assets.xcassets */ = {isa = PBXFileReference; lastKnownFileType = folder.assetcatalog; path = Assets.xcassets; sourceTree = "<group>"; };
		7B6A76FC1E61ACAE00A5B419 /* Base */ = {isa = PBXFileReference; lastKnownFileType = file.storyboard; name = Base; path = Base.lproj/LaunchScreen.storyboard; sourceTree = "<group>"; };
		7B6A76FE1E61ACAE00A5B419 /* Info.plist */ = {isa = PBXFileReference; lastKnownFileType = text.plist.xml; path = Info.plist; sourceTree = "<group>"; };
		7B6A77031E61ACAF00A5B419 /* TableView_LiT!Tests.xctest */ = {isa = PBXFileReference; explicitFileType = wrapper.cfbundle; includeInIndex = 0; path = "TableView_LiT!Tests.xctest"; sourceTree = BUILT_PRODUCTS_DIR; };
		7B6A77071E61ACAF00A5B419 /* TableView_LiT_Tests.swift */ = {isa = PBXFileReference; lastKnownFileType = sourcecode.swift; path = TableView_LiT_Tests.swift; sourceTree = "<group>"; };
		7B6A77091E61ACAF00A5B419 /* Info.plist */ = {isa = PBXFileReference; lastKnownFileType = text.plist.xml; path = Info.plist; sourceTree = "<group>"; };
		7B6A770E1E61ACAF00A5B419 /* TableView_LiT!UITests.xctest */ = {isa = PBXFileReference; explicitFileType = wrapper.cfbundle; includeInIndex = 0; path = "TableView_LiT!UITests.xctest"; sourceTree = BUILT_PRODUCTS_DIR; };
		7B6A77121E61ACAF00A5B419 /* TableView_LiT_UITests.swift */ = {isa = PBXFileReference; lastKnownFileType = sourcecode.swift; path = TableView_LiT_UITests.swift; sourceTree = "<group>"; };
		7B6A77141E61ACAF00A5B419 /* Info.plist */ = {isa = PBXFileReference; lastKnownFileType = text.plist.xml; path = Info.plist; sourceTree = "<group>"; };
/* End PBXFileReference section */

/* Begin PBXFrameworksBuildPhase section */
		7B6A76EC1E61ACAE00A5B419 /* Frameworks */ = {
			isa = PBXFrameworksBuildPhase;
			buildActionMask = 2147483647;
			files = (
			);
			runOnlyForDeploymentPostprocessing = 0;
		};
		7B6A77001E61ACAF00A5B419 /* Frameworks */ = {
			isa = PBXFrameworksBuildPhase;
			buildActionMask = 2147483647;
			files = (
			);
			runOnlyForDeploymentPostprocessing = 0;
		};
		7B6A770B1E61ACAF00A5B419 /* Frameworks */ = {
			isa = PBXFrameworksBuildPhase;
			buildActionMask = 2147483647;
			files = (
			);
			runOnlyForDeploymentPostprocessing = 0;
		};
/* End PBXFrameworksBuildPhase section */

/* Begin PBXGroup section */
		7B6A76E61E61ACAE00A5B419 = {
			isa = PBXGroup;
			children = (
				7B6A76F11E61ACAE00A5B419 /* TableView_LiT! */,
				7B6A77061E61ACAF00A5B419 /* TableView_LiT!Tests */,
				7B6A77111E61ACAF00A5B419 /* TableView_LiT!UITests */,
				7B6A76F01E61ACAE00A5B419 /* Products */,
			);
			sourceTree = "<group>";
		};
		7B6A76F01E61ACAE00A5B419 /* Products */ = {
			isa = PBXGroup;
			children = (
				7B6A76EF1E61ACAE00A5B419 /* TableView_LiT!.app */,
				7B6A77031E61ACAF00A5B419 /* TableView_LiT!Tests.xctest */,
				7B6A770E1E61ACAF00A5B419 /* TableView_LiT!UITests.xctest */,
			);
			name = Products;
			sourceTree = "<group>";
		};
		7B6A76F11E61ACAE00A5B419 /* TableView_LiT! */ = {
			isa = PBXGroup;
			children = (
				7B6A76F21E61ACAE00A5B419 /* AppDelegate.swift */,
				7B6A76F41E61ACAE00A5B419 /* ViewController.swift */,
				7B6A76F61E61ACAE00A5B419 /* Main.storyboard */,
				7B6A76F91E61ACAE00A5B419 /* Assets.xcassets */,
				7B6A76FB1E61ACAE00A5B419 /* LaunchScreen.storyboard */,
				7B6A76FE1E61ACAE00A5B419 /* Info.plist */,
			);
			path = "TableView_LiT!";
			sourceTree = "<group>";
		};
		7B6A77061E61ACAF00A5B419 /* TableView_LiT!Tests */ = {
			isa = PBXGroup;
			children = (
				7B6A77071E61ACAF00A5B419 /* TableView_LiT_Tests.swift */,
				7B6A77091E61ACAF00A5B419 /* Info.plist */,
			);
			path = "TableView_LiT!Tests";
			sourceTree = "<group>";
		};
		7B6A77111E61ACAF00A5B419 /* TableView_LiT!UITests */ = {
			isa = PBXGroup;
			children = (
				7B6A77121E61ACAF00A5B419 /* TableView_LiT_UITests.swift */,
				7B6A77141E61ACAF00A5B419 /* Info.plist */,
			);
			path = "TableView_LiT!UITests";
			sourceTree = "<group>";
		};
/* End PBXGroup section */

/* Begin PBXNativeTarget section */
		7B6A76EE1E61ACAE00A5B419 /* TableView_LiT! */ = {
			isa = PBXNativeTarget;
			buildConfigurationList = 7B6A77171E61ACAF00A5B419 /* Build configuration list for PBXNativeTarget "TableView_LiT!" */;
			buildPhases = (
				7B6A76EB1E61ACAE00A5B419 /* Sources */,
				7B6A76EC1E61ACAE00A5B419 /* Frameworks */,
				7B6A76ED1E61ACAE00A5B419 /* Resources */,
			);
			buildRules = (
			);
			dependencies = (
			);
			name = "TableView_LiT!";
			productName = "TableView_LiT!";
			productReference = 7B6A76EF1E61ACAE00A5B419 /* TableView_LiT!.app */;
			productType = "com.apple.product-type.application";
		};
		7B6A77021E61ACAF00A5B419 /* TableView_LiT!Tests */ = {
			isa = PBXNativeTarget;
			buildConfigurationList = 7B6A771A1E61ACAF00A5B419 /* Build configuration list for PBXNativeTarget "TableView_LiT!Tests" */;
			buildPhases = (
				7B6A76FF1E61ACAF00A5B419 /* Sources */,
				7B6A77001E61ACAF00A5B419 /* Frameworks */,
				7B6A77011E61ACAF00A5B419 /* Resources */,
			);
			buildRules = (
			);
			dependencies = (
				7B6A77051E61ACAF00A5B419 /* PBXTargetDependency */,
			);
			name = "TableView_LiT!Tests";
			productName = "TableView_LiT!Tests";
			productReference = 7B6A77031E61ACAF00A5B419 /* TableView_LiT!Tests.xctest */;
			productType = "com.apple.product-type.bundle.unit-test";
		};
		7B6A770D1E61ACAF00A5B419 /* TableView_LiT!UITests */ = {
			isa = PBXNativeTarget;
			buildConfigurationList = 7B6A771D1E61ACAF00A5B419 /* Build configuration list for PBXNativeTarget "TableView_LiT!UITests" */;
			buildPhases = (
				7B6A770A1E61ACAF00A5B419 /* Sources */,
				7B6A770B1E61ACAF00A5B419 /* Frameworks */,
				7B6A770C1E61ACAF00A5B419 /* Resources */,
			);
			buildRules = (
			);
			dependencies = (
				7B6A77101E61ACAF00A5B419 /* PBXTargetDependency */,
			);
			name = "TableView_LiT!UITests";
			productName = "TableView_LiT!UITests";
			productReference = 7B6A770E1E61ACAF00A5B419 /* TableView_LiT!UITests.xctest */;
			productType = "com.apple.product-type.bundle.ui-testing";
		};
/* End PBXNativeTarget section */

/* Begin PBXProject section */
		7B6A76E71E61ACAE00A5B419 /* Project object */ = {
			isa = PBXProject;
			attributes = {
				LastSwiftUpdateCheck = 0820;
				LastUpgradeCheck = 0820;
				ORGANIZATIONNAME = "矢頭春香";
				TargetAttributes = {
					7B6A76EE1E61ACAE00A5B419 = {
						CreatedOnToolsVersion = 8.2.1;
						ProvisioningStyle = Automatic;
					};
					7B6A77021E61ACAF00A5B419 = {
						CreatedOnToolsVersion = 8.2.1;
						ProvisioningStyle = Automatic;
						TestTargetID = 7B6A76EE1E61ACAE00A5B419;
					};
					7B6A770D1E61ACAF00A5B419 = {
						CreatedOnToolsVersion = 8.2.1;
						ProvisioningStyle = Automatic;
						TestTargetID = 7B6A76EE1E61ACAE00A5B419;
					};
				};
			};
			buildConfigurationList = 7B6A76EA1E61ACAE00A5B419 /* Build configuration list for PBXProject "TableView_LiT!" */;
			compatibilityVersion = "Xcode 3.2";
			developmentRegion = English;
			hasScannedForEncodings = 0;
			knownRegions = (
				en,
				Base,
			);
			mainGroup = 7B6A76E61E61ACAE00A5B419;
			productRefGroup = 7B6A76F01E61ACAE00A5B419 /* Products */;
			projectDirPath = "";
			projectRoot = "";
			targets = (
				7B6A76EE1E61ACAE00A5B419 /* TableView_LiT! */,
				7B6A77021E61ACAF00A5B419 /* TableView_LiT!Tests */,
				7B6A770D1E61ACAF00A5B419 /* TableView_LiT!UITests */,
			);
		};
/* End PBXProject section */

/* Begin PBXResourcesBuildPhase section */
		7B6A76ED1E61ACAE00A5B419 /* Resources */ = {
			isa = PBXResourcesBuildPhase;
			buildActionMask = 2147483647;
			files = (
				7B6A76FD1E61ACAE00A5B419 /* LaunchScreen.storyboard in Resources */,
				7B6A76FA1E61ACAE00A5B419 /* Assets.xcassets in Resources */,
				7B6A76F81E61ACAE00A5B419 /* Main.storyboard in Resources */,
			);
			runOnlyForDeploymentPostprocessing = 0;
		};
		7B6A77011E61ACAF00A5B419 /* Resources */ = {
			isa = PBXResourcesBuildPhase;
			buildActionMask = 2147483647;
			files = (
			);
			runOnlyForDeploymentPostprocessing = 0;
		};
		7B6A770C1E61ACAF00A5B419 /* Resources */ = {
			isa = PBXResourcesBuildPhase;
			buildActionMask = 2147483647;
			files = (
			);
			runOnlyForDeploymentPostprocessing = 0;
		};
/* End PBXResourcesBuildPhase section */

/* Begin PBXSourcesBuildPhase section */
		7B6A76EB1E61ACAE00A5B419 /* Sources */ = {
			isa = PBXSourcesBuildPhase;
			buildActionMask = 2147483647;
			files = (
				7B6A76F51E61ACAE00A5B419 /* ViewController.swift in Sources */,
				7B6A76F31E61ACAE00A5B419 /* AppDelegate.swift in Sources */,
			);
			runOnlyForDeploymentPostprocessing = 0;
		};
		7B6A76FF1E61ACAF00A5B419 /* Sources */ = {
			isa = PBXSourcesBuildPhase;
			buildActionMask = 2147483647;
			files = (
				7B6A77081E61ACAF00A5B419 /* TableView_LiT_Tests.swift in Sources */,
			);
			runOnlyForDeploymentPostprocessing = 0;
		};
		7B6A770A1E61ACAF00A5B419 /* Sources */ = {
			isa = PBXSourcesBuildPhase;
			buildActionMask = 2147483647;
			files = (
				7B6A77131E61ACAF00A5B419 /* TableView_LiT_UITests.swift in Sources */,
			);
			runOnlyForDeploymentPostprocessing = 0;
		};
/* End PBXSourcesBuildPhase section */

/* Begin PBXTargetDependency section */
		7B6A77051E61ACAF00A5B419 /* PBXTargetDependency */ = {
			isa = PBXTargetDependency;
			target = 7B6A76EE1E61ACAE00A5B419 /* TableView_LiT! */;
			targetProxy = 7B6A77041E61ACAF00A5B419 /* PBXContainerItemProxy */;
		};
		7B6A77101E61ACAF00A5B419 /* PBXTargetDependency */ = {
			isa = PBXTargetDependency;
			target = 7B6A76EE1E61ACAE00A5B419 /* TableView_LiT! */;
			targetProxy = 7B6A770F1E61ACAF00A5B419 /* PBXContainerItemProxy */;
		};
/* End PBXTargetDependency section */

/* Begin PBXVariantGroup section */
		7B6A76F61E61ACAE00A5B419 /* Main.storyboard */ = {
			isa = PBXVariantGroup;
			children = (
				7B6A76F71E61ACAE00A5B419 /* Base */,
			);
			name = Main.storyboard;
			sourceTree = "<group>";
		};
		7B6A76FB1E61ACAE00A5B419 /* LaunchScreen.storyboard */ = {
			isa = PBXVariantGroup;
			children = (
				7B6A76FC1E61ACAE00A5B419 /* Base */,
			);
			name = LaunchScreen.storyboard;
			sourceTree = "<group>";
		};
/* End PBXVariantGroup section */

/* Begin XCBuildConfiguration section */
		7B6A77151E61ACAF00A5B419 /* Debug */ = {
			isa = XCBuildConfiguration;
			buildSettings = {
				ALWAYS_SEARCH_USER_PATHS = NO;
				CLANG_ANALYZER_NONNULL = YES;
				CLANG_CXX_LANGUAGE_STANDARD = "gnu++0x";
				CLANG_CXX_LIBRARY = "libc++";
				CLANG_ENABLE_MODULES = YES;
				CLANG_ENABLE_OBJC_ARC = YES;
				CLANG_WARN_BOOL_CONVERSION = YES;
				CLANG_WARN_CONSTANT_CONVERSION = YES;
				CLANG_WARN_DIRECT_OBJC_ISA_USAGE = YES_ERROR;
				CLANG_WARN_DOCUMENTATION_COMMENTS = YES;
				CLANG_WARN_EMPTY_BODY = YES;
				CLANG_WARN_ENUM_CONVERSION = YES;
				CLANG_WARN_INFINITE_RECURSION = YES;
				CLANG_WARN_INT_CONVERSION = YES;
				CLANG_WARN_OBJC_ROOT_CLASS = YES_ERROR;
				CLANG_WARN_SUSPICIOUS_MOVE = YES;
				CLANG_WARN_UNREACHABLE_CODE = YES;
				CLANG_WARN__DUPLICATE_METHOD_MATCH = YES;
				"CODE_SIGN_IDENTITY[sdk=iphoneos*]" = "iPhone Developer";
				COPY_PHASE_STRIP = NO;
				DEBUG_INFORMATION_FORMAT = dwarf;
				ENABLE_STRICT_OBJC_MSGSEND = YES;
				ENABLE_TESTABILITY = YES;
				GCC_C_LANGUAGE_STANDARD = gnu99;
				GCC_DYNAMIC_NO_PIC = NO;
				GCC_NO_COMMON_BLOCKS = YES;
				GCC_OPTIMIZATION_LEVEL = 0;
				GCC_PREPROCESSOR_DEFINITIONS = (
					"DEBUG=1",
					"$(inherited)",
				);
				GCC_WARN_64_TO_32_BIT_CONVERSION = YES;
				GCC_WARN_ABOUT_RETURN_TYPE = YES_ERROR;
				GCC_WARN_UNDECLARED_SELECTOR = YES;
				GCC_WARN_UNINITIALIZED_AUTOS = YES_AGGRESSIVE;
				GCC_WARN_UNUSED_FUNCTION = YES;
				GCC_WARN_UNUSED_VARIABLE = YES;
				IPHONEOS_DEPLOYMENT_TARGET = 10.2;
				MTL_ENABLE_DEBUG_INFO = YES;
				ONLY_ACTIVE_ARCH = YES;
				SDKROOT = iphoneos;
				SWIFT_ACTIVE_COMPILATION_CONDITIONS = DEBUG;
				SWIFT_OPTIMIZATION_LEVEL = "-Onone";
				TARGETED_DEVICE_FAMILY = "1,2";
			};
			name = Debug;
		};
		7B6A77161E61ACAF00A5B419 /* Release */ = {
			isa = XCBuildConfiguration;
			buildSettings = {
				ALWAYS_SEARCH_USER_PATHS = NO;
				CLANG_ANALYZER_NONNULL = YES;
				CLANG_CXX_LANGUAGE_STANDARD = "gnu++0x";
				CLANG_CXX_LIBRARY = "libc++";
				CLANG_ENABLE_MODULES = YES;
				CLANG_ENABLE_OBJC_ARC = YES;
				CLANG_WARN_BOOL_CONVERSION = YES;
				CLANG_WARN_CONSTANT_CONVERSION = YES;
				CLANG_WARN_DIRECT_OBJC_ISA_USAGE = YES_ERROR;
				CLANG_WARN_DOCUMENTATION_COMMENTS = YES;
				CLANG_WARN_EMPTY_BODY = YES;
				CLANG_WARN_ENUM_CONVERSION = YES;
				CLANG_WARN_INFINITE_RECURSION = YES;
				CLANG_WARN_INT_CONVERSION = YES;
				CLANG_WARN_OBJC_ROOT_CLASS = YES_ERROR;
				CLANG_WARN_SUSPICIOUS_MOVE = YES;
				CLANG_WARN_UNREACHABLE_CODE = YES;
				CLANG_WARN__DUPLICATE_METHOD_MATCH = YES;
				"CODE_SIGN_IDENTITY[sdk=iphoneos*]" = "iPhone Developer";
				COPY_PHASE_STRIP = NO;
				DEBUG_INFORMATION_FORMAT = "dwarf-with-dsym";
				ENABLE_NS_ASSERTIONS = NO;
				ENABLE_STRICT_OBJC_MSGSEND = YES;
				GCC_C_LANGUAGE_STANDARD = gnu99;
				GCC_NO_COMMON_BLOCKS = YES;
				GCC_WARN_64_TO_32_BIT_CONVERSION = YES;
				GCC_WARN_ABOUT_RETURN_TYPE = YES_ERROR;
				GCC_WARN_UNDECLARED_SELECTOR = YES;
				GCC_WARN_UNINITIALIZED_AUTOS = YES_AGGRESSIVE;
				GCC_WARN_UNUSED_FUNCTION = YES;
				GCC_WARN_UNUSED_VARIABLE = YES;
				IPHONEOS_DEPLOYMENT_TARGET = 10.2;
				MTL_ENABLE_DEBUG_INFO = NO;
				SDKROOT = iphoneos;
				SWIFT_OPTIMIZATION_LEVEL = "-Owholemodule";
				TARGETED_DEVICE_FAMILY = "1,2";
				VALIDATE_PRODUCT = YES;
			};
			name = Release;
		};
		7B6A77181E61ACAF00A5B419 /* Debug */ = {
			isa = XCBuildConfiguration;
			buildSettings = {
				ASSETCATALOG_COMPILER_APPICON_NAME = AppIcon;
				INFOPLIST_FILE = "TableView_LiT!/Info.plist";
				LD_RUNPATH_SEARCH_PATHS = "$(inherited) @executable_path/Frameworks";
				PRODUCT_BUNDLE_IDENTIFIER = "com.lifeisetech.TableView-LiT-";
				PRODUCT_NAME = "$(TARGET_NAME)";
				SWIFT_VERSION = 3.0;
			};
			name = Debug;
		};
		7B6A77191E61ACAF00A5B419 /* Release */ = {
			isa = XCBuildConfiguration;
			buildSettings = {
				ASSETCATALOG_COMPILER_APPICON_NAME = AppIcon;
				INFOPLIST_FILE = "TableView_LiT!/Info.plist";
				LD_RUNPATH_SEARCH_PATHS = "$(inherited) @executable_path/Frameworks";
				PRODUCT_BUNDLE_IDENTIFIER = "com.lifeisetech.TableView-LiT-";
				PRODUCT_NAME = "$(TARGET_NAME)";
				SWIFT_VERSION = 3.0;
			};
			name = Release;
		};
		7B6A771B1E61ACAF00A5B419 /* Debug */ = {
			isa = XCBuildConfiguration;
			buildSettings = {
				ALWAYS_EMBED_SWIFT_STANDARD_LIBRARIES = YES;
				BUNDLE_LOADER = "$(TEST_HOST)";
				INFOPLIST_FILE = "TableView_LiT!Tests/Info.plist";
				LD_RUNPATH_SEARCH_PATHS = "$(inherited) @executable_path/Frameworks @loader_path/Frameworks";
				PRODUCT_BUNDLE_IDENTIFIER = "com.lifeisetech.TableView-LiT-Tests";
				PRODUCT_NAME = "$(TARGET_NAME)";
				SWIFT_VERSION = 3.0;
				TEST_HOST = "$(BUILT_PRODUCTS_DIR)/TableView_LiT!.app/TableView_LiT!";
			};
			name = Debug;
		};
		7B6A771C1E61ACAF00A5B419 /* Release */ = {
			isa = XCBuildConfiguration;
			buildSettings = {
				ALWAYS_EMBED_SWIFT_STANDARD_LIBRARIES = YES;
				BUNDLE_LOADER = "$(TEST_HOST)";
				INFOPLIST_FILE = "TableView_LiT!Tests/Info.plist";
				LD_RUNPATH_SEARCH_PATHS = "$(inherited) @executable_path/Frameworks @loader_path/Frameworks";
				PRODUCT_BUNDLE_IDENTIFIER = "com.lifeisetech.TableView-LiT-Tests";
				PRODUCT_NAME = "$(TARGET_NAME)";
				SWIFT_VERSION = 3.0;
				TEST_HOST = "$(BUILT_PRODUCTS_DIR)/TableView_LiT!.app/TableView_LiT!";
			};
			name = Release;
		};
		7B6A771E1E61ACAF00A5B419 /* Debug */ = {
			isa = XCBuildConfiguration;
			buildSettings = {
				ALWAYS_EMBED_SWIFT_STANDARD_LIBRARIES = YES;
				INFOPLIST_FILE = "TableView_LiT!UITests/Info.plist";
				LD_RUNPATH_SEARCH_PATHS = "$(inherited) @executable_path/Frameworks @loader_path/Frameworks";
				PRODUCT_BUNDLE_IDENTIFIER = "com.lifeisetech.TableView-LiT-UITests";
				PRODUCT_NAME = "$(TARGET_NAME)";
				SWIFT_VERSION = 3.0;
				TEST_TARGET_NAME = "TableView_LiT!";
			};
			name = Debug;
		};
		7B6A771F1E61ACAF00A5B419 /* Release */ = {
			isa = XCBuildConfiguration;
			buildSettings = {
				ALWAYS_EMBED_SWIFT_STANDARD_LIBRARIES = YES;
				INFOPLIST_FILE = "TableView_LiT!UITests/Info.plist";
				LD_RUNPATH_SEARCH_PATHS = "$(inherited) @executable_path/Frameworks @loader_path/Frameworks";
				PRODUCT_BUNDLE_IDENTIFIER = "com.lifeisetech.TableView-LiT-UITests";
				PRODUCT_NAME = "$(TARGET_NAME)";
				SWIFT_VERSION = 3.0;
				TEST_TARGET_NAME = "TableView_LiT!";
			};
			name = Release;
		};
/* End XCBuildConfiguration section */

/* Begin XCConfigurationList section */
		7B6A76EA1E61ACAE00A5B419 /* Build configuration list for PBXProject "TableView_LiT!" */ = {
			isa = XCConfigurationList;
			buildConfigurations = (
				7B6A77151E61ACAF00A5B419 /* Debug */,
				7B6A77161E61ACAF00A5B419 /* Release */,
			);
			defaultConfigurationIsVisible = 0;
			defaultConfigurationName = Release;
		};
		7B6A77171E61ACAF00A5B419 /* Build configuration list for PBXNativeTarget "TableView_LiT!" */ = {
			isa = XCConfigurationList;
			buildConfigurations = (
				7B6A77181E61ACAF00A5B419 /* Debug */,
				7B6A77191E61ACAF00A5B419 /* Release */,
			);
			defaultConfigurationIsVisible = 0;
		};
		7B6A771A1E61ACAF00A5B419 /* Build configuration list for PBXNativeTarget "TableView_LiT!Tests" */ = {
			isa = XCConfigurationList;
			buildConfigurations = (
				7B6A771B1E61ACAF00A5B419 /* Debug */,
				7B6A771C1E61ACAF00A5B419 /* Release */,
			);
			defaultConfigurationIsVisible = 0;
		};
		7B6A771D1E61ACAF00A5B419 /* Build configuration list for PBXNativeTarget "TableView_LiT!UITests" */ = {
			isa = XCConfigurationList;
			buildConfigurations = (
				7B6A771E1E61ACAF00A5B419 /* Debug */,
				7B6A771F1E61ACAF00A5B419 /* Release */,
			);
			defaultConfigurationIsVisible = 0;
		};
/* End XCConfigurationList section */
	};
	rootObject = 7B6A76E71E61ACAE00A5B419 /* Project object */;
}
